{
  "name": "virtus",
  "version": "1.0.0",
  "lockfileVersion": 1,
  "requires": true,
  "dependencies": {
    "@fortawesome/fontawesome-free": {
      "version": "5.12.1",
      "resolved": "https://registry.npmjs.org/@fortawesome/fontawesome-free/-/fontawesome-free-5.12.1.tgz",
      "integrity": "sha512-ZtjIIFplxncqxvogq148C3hBLQE+W3iJ8E4UvJ09zIJUgzwLcROsWwFDErVSXY2Plzao5J9KUYNHKHMEUYDMKw=="
    },
    "bulma": {
      "version": "0.8.0",
      "resolved": "https://registry.npmjs.org/bulma/-/bulma-0.8.0.tgz",
      "integrity": "sha512-nhf3rGyiZh/VM7FrSJ/5KeLlfaFkXz0nYcXriynfPH4vVpnxnqyEwaNGdNCVzHyyCA3cHgkQAMpdF/SFbFGZfA=="
    },
    "bulma-carousel": {
      "version": "4.0.4",
      "resolved": "https://registry.npmjs.org/bulma-carousel/-/bulma-carousel-4.0.4.tgz",
      "integrity": "sha512-fxARvrPZ0meiVMkxI1ayK2RBd9YUNPc7FFnDpD+SgPnQdZgW+VAvHM8YdR3BJfnmR9lNWNqfKR/hk7Ko0GP2tA=="
    },
    "bulma-social": {
      "version": "1.1.0",
      "resolved": "https://registry.npmjs.org/bulma-social/-/bulma-social-1.1.0.tgz",
      "integrity": "sha512-1wfDNHGDPSWTOVVsHblhvceRoRruojWUkPmhcp629I2TJI3VNuMvNHVbwZriP5zjMYlu28+6W5cODkwizNUvpA==",
      "requires": {
        "@fortawesome/fontawesome-free": "^5.12.0",
        "bulma": "^0.8.0"
      }
    }
  }
}
